
Microsoft Visual Studio Solution File, Format Version 12.00
# Visual Studio Version 17
VisualStudioVersion = 17.3.32825.248
MinimumVisualStudioVersion = 10.0.40219.1
Project("{FAE04EC0-301F-11D3-BF4B-00C04F79EFBC}") = "Reproductor_multimedia", "Reproductor_multimedia.csproj", "{CEA0AA2D-734D-4485-A7EE-7E0C84F2530A}"
EndProject
Global
	GlobalSection(SolutionConfigurationPlatforms) = preSolution
		Debug|Any CPU = Debug|Any CPU
		Release|Any CPU = Release|Any CPU
	EndGlobalSection
	GlobalSection(ProjectConfigurationPlatforms) = postSolution
		{CEA0AA2D-734D-4485-A7EE-7E0C84F2530A}.Debug|Any CPU.ActiveCfg = Debug|Any CPU
		{CEA0AA2D-734D-4485-A7EE-7E0C84F2530A}.Debug|Any CPU.Build.0 = Debug|Any CPU
		{CEA0AA2D-734D-4485-A7EE-7E0C84F2530A}.Release|Any CPU.ActiveCfg = Release|Any CPU
		{CEA0AA2D-734D-4485-A7EE-7E0C84F2530A}.Release|Any CPU.Build.0 = Release|Any CPU
	EndGlobalSection
	GlobalSection(SolutionProperties) = preSolution
		HideSolutionNode = FALSE
	EndGlobalSection
	GlobalSection(ExtensibilityGlobals) = postSolution
		SolutionGuid = {7D88E064-A5E0-4111-A9C1-DE0D363D5E98}
	EndGlobalSection
EndGlobal
